# THIS IS AN AUTOGENERATED FILE. DO NOT EDIT THIS FILE DIRECTLY.
# yarn lockfile v1


aes-js@^3.1.1:
  version "3.1.1"
  resolved "https://registry.yarnpkg.com/aes-js/-/aes-js-3.1.1.tgz#89fd1f94ae51b4c72d62466adc1a7323ff52f072"

homey@^0.1.0-beta.13:
  version "0.1.0-beta.13"
  resolved "https://registry.yarnpkg.com/homey/-/homey-0.1.0-beta.13.tgz#83d7397038542afd2416a067cd502760248d3b29"

node-fetch@^2.1.2:
  version "2.1.2"
  resolved "https://registry.yarnpkg.com/node-fetch/-/node-fetch-2.1.2.tgz#ab884e8e7e57e38a944753cec706f788d1768bb5"

sha-1@^0.1.1:
  version "0.1.1"
  resolved "https://registry.yarnpkg.com/sha-1/-/sha-1-0.1.1.tgz#2a39304bf41bbab11dd9efb7474ec25b1a92c257"
